# This file is automatically @generated by Cargo.
# It is not intended for manual editing.
version = 4

[[package]]
name = "gba-core"
version = "0.1.0"

[[package]]
name = "gba-headless"
version = "0.1.0"
dependencies = [
 "gba-core",
]

[[package]]
name = "gba-wasm"
version = "0.1.0"
dependencies = [
 "gba-core",
]
